
Microsoft Visual Studio Solution File, Format Version 12.00
# Visual Studio Version 17
VisualStudioVersion = 17.8.34330.188
MinimumVisualStudioVersion = 10.0.40219.1
Project("{9A19103F-16F7-4668-BE54-9A1E7A4F7556}") = "VNExos.API", "VNExos.API\VNExos.API.csproj", "{60AF2AFB-C6E4-4082-957D-D6389F58A2B6}"
EndProject
Project("{9A19103F-16F7-4668-BE54-9A1E7A4F7556}") = "VNExos.Domain", "VNExos.Domain\VNExos.Domain.csproj", "{863278D2-B7E8-4311-8294-A0618A3BA8B0}"
EndProject
Project("{9A19103F-16F7-4668-BE54-9A1E7A4F7556}") = "VNExos.Application", "VNExos.Application\VNExos.Application.csproj", "{C1300C06-DC6C-44FD-B3F1-1A34C924FCDE}"
EndProject
Project("{9A19103F-16F7-4668-BE54-9A1E7A4F7556}") = "VNExos.Infrastructure", "VNExos.Infrastructure\VNExos.Infrastructure.csproj", "{009FEFD1-2062-49CB-833B-3C18FF9FEF56}"
EndProject
Project("{9A19103F-16F7-4668-BE54-9A1E7A4F7556}") = "VNExos.Common", "VNExos.Common\VNExos.Common.csproj", "{E3AF59A1-CE26-49E3-94B5-EEECAC4B9B3B}"
EndProject
Project("{FAE04EC0-301F-11D3-BF4B-00C04F79EFBC}") = "VNExos.Test", "VNExos.Test\VNExos.Test.csproj", "{F9145B61-D6A0-4408-8390-412933605049}"
EndProject
Global
	GlobalSection(SolutionConfigurationPlatforms) = preSolution
		Debug|Any CPU = Debug|Any CPU
		Release|Any CPU = Release|Any CPU
	EndGlobalSection
	GlobalSection(ProjectConfigurationPlatforms) = postSolution
		{60AF2AFB-C6E4-4082-957D-D6389F58A2B6}.Debug|Any CPU.ActiveCfg = Debug|Any CPU
		{60AF2AFB-C6E4-4082-957D-D6389F58A2B6}.Debug|Any CPU.Build.0 = Debug|Any CPU
		{60AF2AFB-C6E4-4082-957D-D6389F58A2B6}.Release|Any CPU.ActiveCfg = Release|Any CPU
		{60AF2AFB-C6E4-4082-957D-D6389F58A2B6}.Release|Any CPU.Build.0 = Release|Any CPU
		{863278D2-B7E8-4311-8294-A0618A3BA8B0}.Debug|Any CPU.ActiveCfg = Debug|Any CPU
		{863278D2-B7E8-4311-8294-A0618A3BA8B0}.Debug|Any CPU.Build.0 = Debug|Any CPU
		{863278D2-B7E8-4311-8294-A0618A3BA8B0}.Release|Any CPU.ActiveCfg = Release|Any CPU
		{863278D2-B7E8-4311-8294-A0618A3BA8B0}.Release|Any CPU.Build.0 = Release|Any CPU
		{C1300C06-DC6C-44FD-B3F1-1A34C924FCDE}.Debug|Any CPU.ActiveCfg = Debug|Any CPU
		{C1300C06-DC6C-44FD-B3F1-1A34C924FCDE}.Debug|Any CPU.Build.0 = Debug|Any CPU
		{C1300C06-DC6C-44FD-B3F1-1A34C924FCDE}.Release|Any CPU.ActiveCfg = Release|Any CPU
		{C1300C06-DC6C-44FD-B3F1-1A34C924FCDE}.Release|Any CPU.Build.0 = Release|Any CPU
		{009FEFD1-2062-49CB-833B-3C18FF9FEF56}.Debug|Any CPU.ActiveCfg = Debug|Any CPU
		{009FEFD1-2062-49CB-833B-3C18FF9FEF56}.Debug|Any CPU.Build.0 = Debug|Any CPU
		{009FEFD1-2062-49CB-833B-3C18FF9FEF56}.Release|Any CPU.ActiveCfg = Release|Any CPU
		{009FEFD1-2062-49CB-833B-3C18FF9FEF56}.Release|Any CPU.Build.0 = Release|Any CPU
		{E3AF59A1-CE26-49E3-94B5-EEECAC4B9B3B}.Debug|Any CPU.ActiveCfg = Debug|Any CPU
		{E3AF59A1-CE26-49E3-94B5-EEECAC4B9B3B}.Debug|Any CPU.Build.0 = Debug|Any CPU
		{E3AF59A1-CE26-49E3-94B5-EEECAC4B9B3B}.Release|Any CPU.ActiveCfg = Release|Any CPU
		{E3AF59A1-CE26-49E3-94B5-EEECAC4B9B3B}.Release|Any CPU.Build.0 = Release|Any CPU
		{F9145B61-D6A0-4408-8390-412933605049}.Debug|Any CPU.ActiveCfg = Debug|Any CPU
		{F9145B61-D6A0-4408-8390-412933605049}.Debug|Any CPU.Build.0 = Debug|Any CPU
		{F9145B61-D6A0-4408-8390-412933605049}.Release|Any CPU.ActiveCfg = Release|Any CPU
		{F9145B61-D6A0-4408-8390-412933605049}.Release|Any CPU.Build.0 = Release|Any CPU
	EndGlobalSection
	GlobalSection(SolutionProperties) = preSolution
		HideSolutionNode = FALSE
	EndGlobalSection
	GlobalSection(ExtensibilityGlobals) = postSolution
		SolutionGuid = {DFA82365-F5EB-49FE-B21F-75D214C63CF9}
	EndGlobalSection
EndGlobal
